
Microsoft Visual Studio Solution File, Format Version 12.00
# Visual Studio Version 17
VisualStudioVersion = 17.7.34031.279
MinimumVisualStudioVersion = 10.0.40219.1
Project("{FAE04EC0-301F-11D3-BF4B-00C04F79EFBC}") = "Example_02", "Example_02\Example_02.csproj", "{4172DD3B-346B-4B63-9EA3-CCB26BF55CCB}"
EndProject
Global
	GlobalSection(SolutionConfigurationPlatforms) = preSolution
		Debug|Any CPU = Debug|Any CPU
		Release|Any CPU = Release|Any CPU
	EndGlobalSection
	GlobalSection(ProjectConfigurationPlatforms) = postSolution
		{4172DD3B-346B-4B63-9EA3-CCB26BF55CCB}.Debug|Any CPU.ActiveCfg = Debug|Any CPU
		{4172DD3B-346B-4B63-9EA3-CCB26BF55CCB}.Debug|Any CPU.Build.0 = Debug|Any CPU
		{4172DD3B-346B-4B63-9EA3-CCB26BF55CCB}.Release|Any CPU.ActiveCfg = Release|Any CPU
		{4172DD3B-346B-4B63-9EA3-CCB26BF55CCB}.Release|Any CPU.Build.0 = Release|Any CPU
	EndGlobalSection
	GlobalSection(SolutionProperties) = preSolution
		HideSolutionNode = FALSE
	EndGlobalSection
	GlobalSection(ExtensibilityGlobals) = postSolution
		SolutionGuid = {6ECF6904-274B-4528-8426-AB64C9B74BFA}
	EndGlobalSection
EndGlobal
