
Microsoft Visual Studio Solution File, Format Version 12.00
# Visual Studio Version 17
VisualStudioVersion = 17.7.34031.279
MinimumVisualStudioVersion = 10.0.40219.1
Project("{FAE04EC0-301F-11D3-BF4B-00C04F79EFBC}") = "PageLogin", "PageLogin\PageLogin.csproj", "{18889952-8C3F-4E97-836C-8E98340B1AE2}"
EndProject
Global
	GlobalSection(SolutionConfigurationPlatforms) = preSolution
		Debug|Any CPU = Debug|Any CPU
		Release|Any CPU = Release|Any CPU
	EndGlobalSection
	GlobalSection(ProjectConfigurationPlatforms) = postSolution
		{18889952-8C3F-4E97-836C-8E98340B1AE2}.Debug|Any CPU.ActiveCfg = Debug|Any CPU
		{18889952-8C3F-4E97-836C-8E98340B1AE2}.Debug|Any CPU.Build.0 = Debug|Any CPU
		{18889952-8C3F-4E97-836C-8E98340B1AE2}.Release|Any CPU.ActiveCfg = Release|Any CPU
		{18889952-8C3F-4E97-836C-8E98340B1AE2}.Release|Any CPU.Build.0 = Release|Any CPU
	EndGlobalSection
	GlobalSection(SolutionProperties) = preSolution
		HideSolutionNode = FALSE
	EndGlobalSection
	GlobalSection(ExtensibilityGlobals) = postSolution
		SolutionGuid = {B7DE10E9-0A7F-470B-8E94-07895CB206D4}
	EndGlobalSection
EndGlobal
