
Microsoft Visual Studio Solution File, Format Version 12.00
# Visual Studio Version 17
VisualStudioVersion = 17.7.34031.279
MinimumVisualStudioVersion = 10.0.40219.1
Project("{9A19103F-16F7-4668-BE54-9A1E7A4F7556}") = "FirstDemo.Web", "FirstDemo.Web\FirstDemo.Web.csproj", "{929C9B2C-AE60-4E2F-A055-2FAB331E87E9}"
EndProject
Project("{9A19103F-16F7-4668-BE54-9A1E7A4F7556}") = "Logger(Serilog)", "Logger(Serilog)\Logger(Serilog).csproj", "{6DCDA51B-8FFF-4609-9EE2-1487F055ECEE}"
EndProject
Project("{9A19103F-16F7-4668-BE54-9A1E7A4F7556}") = "Logger(Serilog_02)", "Logger(Serilog_02)\Logger(Serilog_02).csproj", "{BBF99A15-B584-4B20-981C-450E39CB1395}"
EndProject
Project("{FAE04EC0-301F-11D3-BF4B-00C04F79EFBC}") = "Html_tag_helper", "Html_tag_helper\Html_tag_helper.csproj", "{39EAD045-A331-4089-ABA6-F346B64ADCE9}"
EndProject
Global
	GlobalSection(SolutionConfigurationPlatforms) = preSolution
		Debug|Any CPU = Debug|Any CPU
		Release|Any CPU = Release|Any CPU
	EndGlobalSection
	GlobalSection(ProjectConfigurationPlatforms) = postSolution
		{929C9B2C-AE60-4E2F-A055-2FAB331E87E9}.Debug|Any CPU.ActiveCfg = Debug|Any CPU
		{929C9B2C-AE60-4E2F-A055-2FAB331E87E9}.Debug|Any CPU.Build.0 = Debug|Any CPU
		{929C9B2C-AE60-4E2F-A055-2FAB331E87E9}.Release|Any CPU.ActiveCfg = Release|Any CPU
		{929C9B2C-AE60-4E2F-A055-2FAB331E87E9}.Release|Any CPU.Build.0 = Release|Any CPU
		{6DCDA51B-8FFF-4609-9EE2-1487F055ECEE}.Debug|Any CPU.ActiveCfg = Debug|Any CPU
		{6DCDA51B-8FFF-4609-9EE2-1487F055ECEE}.Debug|Any CPU.Build.0 = Debug|Any CPU
		{6DCDA51B-8FFF-4609-9EE2-1487F055ECEE}.Release|Any CPU.ActiveCfg = Release|Any CPU
		{6DCDA51B-8FFF-4609-9EE2-1487F055ECEE}.Release|Any CPU.Build.0 = Release|Any CPU
		{BBF99A15-B584-4B20-981C-450E39CB1395}.Debug|Any CPU.ActiveCfg = Debug|Any CPU
		{BBF99A15-B584-4B20-981C-450E39CB1395}.Debug|Any CPU.Build.0 = Debug|Any CPU
		{BBF99A15-B584-4B20-981C-450E39CB1395}.Release|Any CPU.ActiveCfg = Release|Any CPU
		{BBF99A15-B584-4B20-981C-450E39CB1395}.Release|Any CPU.Build.0 = Release|Any CPU
		{39EAD045-A331-4089-ABA6-F346B64ADCE9}.Debug|Any CPU.ActiveCfg = Debug|Any CPU
		{39EAD045-A331-4089-ABA6-F346B64ADCE9}.Debug|Any CPU.Build.0 = Debug|Any CPU
		{39EAD045-A331-4089-ABA6-F346B64ADCE9}.Release|Any CPU.ActiveCfg = Release|Any CPU
		{39EAD045-A331-4089-ABA6-F346B64ADCE9}.Release|Any CPU.Build.0 = Release|Any CPU
	EndGlobalSection
	GlobalSection(SolutionProperties) = preSolution
		HideSolutionNode = FALSE
	EndGlobalSection
	GlobalSection(ExtensibilityGlobals) = postSolution
		SolutionGuid = {0870F6B4-47FF-49AC-B633-2E8CB3ED2A73}
	EndGlobalSection
EndGlobal
