
Microsoft Visual Studio Solution File, Format Version 12.00
# Visual Studio Version 17
VisualStudioVersion = 17.7.34031.279
MinimumVisualStudioVersion = 10.0.40219.1
Project("{2150E333-8FDC-42A3-9474-1A3956D46DE8}") = "DDD_01", "DDD_01", "{DB5F0852-9BD6-4039-8047-BDA1199E8AB9}"
EndProject
Project("{9A19103F-16F7-4668-BE54-9A1E7A4F7556}") = "DDD_01.Domain", "DDD_01.Domain\DDD_01.Domain.csproj", "{24EC1EB1-4F52-4F92-A430-CC13F71712BB}"
EndProject
Project("{9A19103F-16F7-4668-BE54-9A1E7A4F7556}") = "DDD_01.Application", "DDD_01.Application\DDD_01.Application.csproj", "{EDEA40F6-3AB4-4B1B-B022-525304739D46}"
EndProject
Project("{9A19103F-16F7-4668-BE54-9A1E7A4F7556}") = "DDD_01.Infrastructure", "DDD_01.Infrastructure\DDD_01.Infrastructure.csproj", "{4FD84E9A-170F-4556-B381-2F69EC99390B}"
EndProject
Project("{9A19103F-16F7-4668-BE54-9A1E7A4F7556}") = "DDD_01.web", "DDD_01.web\DDD_01.web.csproj", "{29924D75-B7EB-4A0B-853E-13A0E45D3AFD}"
EndProject
Project("{2150E333-8FDC-42A3-9474-1A3956D46DE8}") = "DDD_02", "DDD_02", "{6E722214-0B96-44D1-8491-21E2F7511630}"
EndProject
Project("{FAE04EC0-301F-11D3-BF4B-00C04F79EFBC}") = "DDD_02.Domain", "DDD_02.Domain\DDD_02.Domain.csproj", "{78081EED-C3FB-469F-9A69-E1FF9695BE9C}"
EndProject
Project("{FAE04EC0-301F-11D3-BF4B-00C04F79EFBC}") = "DDD_02.Application", "DDD_02.Application\DDD_02.Application.csproj", "{2E2519C3-B0D7-4932-A184-9B46EC7742B6}"
EndProject
Project("{FAE04EC0-301F-11D3-BF4B-00C04F79EFBC}") = "DDD_02.Infrastructure", "DDD_02.Infrastructure\DDD_02.Infrastructure.csproj", "{8E076437-102B-45F1-9CB3-7EA613091E6D}"
EndProject
Project("{FAE04EC0-301F-11D3-BF4B-00C04F79EFBC}") = "DDD_02.Web", "DDD_02.Web\DDD_02.Web.csproj", "{7C3ED340-6C19-4BF0-AB55-23297540459D}"
EndProject
Global
	GlobalSection(SolutionConfigurationPlatforms) = preSolution
		Debug|Any CPU = Debug|Any CPU
		Release|Any CPU = Release|Any CPU
	EndGlobalSection
	GlobalSection(ProjectConfigurationPlatforms) = postSolution
		{24EC1EB1-4F52-4F92-A430-CC13F71712BB}.Debug|Any CPU.ActiveCfg = Debug|Any CPU
		{24EC1EB1-4F52-4F92-A430-CC13F71712BB}.Debug|Any CPU.Build.0 = Debug|Any CPU
		{24EC1EB1-4F52-4F92-A430-CC13F71712BB}.Release|Any CPU.ActiveCfg = Release|Any CPU
		{24EC1EB1-4F52-4F92-A430-CC13F71712BB}.Release|Any CPU.Build.0 = Release|Any CPU
		{EDEA40F6-3AB4-4B1B-B022-525304739D46}.Debug|Any CPU.ActiveCfg = Debug|Any CPU
		{EDEA40F6-3AB4-4B1B-B022-525304739D46}.Debug|Any CPU.Build.0 = Debug|Any CPU
		{EDEA40F6-3AB4-4B1B-B022-525304739D46}.Release|Any CPU.ActiveCfg = Release|Any CPU
		{EDEA40F6-3AB4-4B1B-B022-525304739D46}.Release|Any CPU.Build.0 = Release|Any CPU
		{4FD84E9A-170F-4556-B381-2F69EC99390B}.Debug|Any CPU.ActiveCfg = Debug|Any CPU
		{4FD84E9A-170F-4556-B381-2F69EC99390B}.Debug|Any CPU.Build.0 = Debug|Any CPU
		{4FD84E9A-170F-4556-B381-2F69EC99390B}.Release|Any CPU.ActiveCfg = Release|Any CPU
		{4FD84E9A-170F-4556-B381-2F69EC99390B}.Release|Any CPU.Build.0 = Release|Any CPU
		{29924D75-B7EB-4A0B-853E-13A0E45D3AFD}.Debug|Any CPU.ActiveCfg = Debug|Any CPU
		{29924D75-B7EB-4A0B-853E-13A0E45D3AFD}.Debug|Any CPU.Build.0 = Debug|Any CPU
		{29924D75-B7EB-4A0B-853E-13A0E45D3AFD}.Release|Any CPU.ActiveCfg = Release|Any CPU
		{29924D75-B7EB-4A0B-853E-13A0E45D3AFD}.Release|Any CPU.Build.0 = Release|Any CPU
		{78081EED-C3FB-469F-9A69-E1FF9695BE9C}.Debug|Any CPU.ActiveCfg = Debug|Any CPU
		{78081EED-C3FB-469F-9A69-E1FF9695BE9C}.Debug|Any CPU.Build.0 = Debug|Any CPU
		{78081EED-C3FB-469F-9A69-E1FF9695BE9C}.Release|Any CPU.ActiveCfg = Release|Any CPU
		{78081EED-C3FB-469F-9A69-E1FF9695BE9C}.Release|Any CPU.Build.0 = Release|Any CPU
		{2E2519C3-B0D7-4932-A184-9B46EC7742B6}.Debug|Any CPU.ActiveCfg = Debug|Any CPU
		{2E2519C3-B0D7-4932-A184-9B46EC7742B6}.Debug|Any CPU.Build.0 = Debug|Any CPU
		{2E2519C3-B0D7-4932-A184-9B46EC7742B6}.Release|Any CPU.ActiveCfg = Release|Any CPU
		{2E2519C3-B0D7-4932-A184-9B46EC7742B6}.Release|Any CPU.Build.0 = Release|Any CPU
		{8E076437-102B-45F1-9CB3-7EA613091E6D}.Debug|Any CPU.ActiveCfg = Debug|Any CPU
		{8E076437-102B-45F1-9CB3-7EA613091E6D}.Debug|Any CPU.Build.0 = Debug|Any CPU
		{8E076437-102B-45F1-9CB3-7EA613091E6D}.Release|Any CPU.ActiveCfg = Release|Any CPU
		{8E076437-102B-45F1-9CB3-7EA613091E6D}.Release|Any CPU.Build.0 = Release|Any CPU
		{7C3ED340-6C19-4BF0-AB55-23297540459D}.Debug|Any CPU.ActiveCfg = Debug|Any CPU
		{7C3ED340-6C19-4BF0-AB55-23297540459D}.Debug|Any CPU.Build.0 = Debug|Any CPU
		{7C3ED340-6C19-4BF0-AB55-23297540459D}.Release|Any CPU.ActiveCfg = Release|Any CPU
		{7C3ED340-6C19-4BF0-AB55-23297540459D}.Release|Any CPU.Build.0 = Release|Any CPU
	EndGlobalSection
	GlobalSection(SolutionProperties) = preSolution
		HideSolutionNode = FALSE
	EndGlobalSection
	GlobalSection(NestedProjects) = preSolution
		{24EC1EB1-4F52-4F92-A430-CC13F71712BB} = {DB5F0852-9BD6-4039-8047-BDA1199E8AB9}
		{EDEA40F6-3AB4-4B1B-B022-525304739D46} = {DB5F0852-9BD6-4039-8047-BDA1199E8AB9}
		{4FD84E9A-170F-4556-B381-2F69EC99390B} = {DB5F0852-9BD6-4039-8047-BDA1199E8AB9}
		{29924D75-B7EB-4A0B-853E-13A0E45D3AFD} = {DB5F0852-9BD6-4039-8047-BDA1199E8AB9}
		{78081EED-C3FB-469F-9A69-E1FF9695BE9C} = {6E722214-0B96-44D1-8491-21E2F7511630}
		{2E2519C3-B0D7-4932-A184-9B46EC7742B6} = {6E722214-0B96-44D1-8491-21E2F7511630}
		{8E076437-102B-45F1-9CB3-7EA613091E6D} = {6E722214-0B96-44D1-8491-21E2F7511630}
		{7C3ED340-6C19-4BF0-AB55-23297540459D} = {6E722214-0B96-44D1-8491-21E2F7511630}
	EndGlobalSection
	GlobalSection(ExtensibilityGlobals) = postSolution
		SolutionGuid = {006FA41D-F9B5-4F52-906B-231A8D4AD814}
	EndGlobalSection
EndGlobal
